{
  "lockfileVersion": 1,
  "configVersion": 1,
  "workspaces": {
    "": {
      "name": "why-is-my-slack-id",
      "dependencies": {
        "@openai/codex-sdk": "^0.146.0",
        "@t3-oss/env-core": "^0.13.11",
        "slack.ts": "^0.0.22",
        "zod": "^4.4.3",
      },
      "devDependencies": {
        "@types/bun": "latest",
      },
      "peerDependencies": {
        "typescript": "^5",
      },
    },
  },
  "packages": {
    "@openai/codex": ["@openai/codex@0.146.0", "", { "optionalDependencies": { "@openai/codex-darwin-arm64": "npm:@openai/codex@0.146.0-darwin-arm64", "@openai/codex-darwin-x64": "npm:@openai/codex@0.146.0-darwin-x64", "@openai/codex-linux-arm64": "npm:@openai/codex@0.146.0-linux-arm64", "@openai/codex-linux-x64": "npm:@openai/codex@0.146.0-linux-x64", "@openai/codex-win32-arm64": "npm:@openai/codex@0.146.0-win32-arm64", "@openai/codex-win32-x64": "npm:@openai/codex@0.146.0-win32-x64" }, "bin": { "codex": "bin/codex.js" } }, "sha512-yG3sPWNda/2YAIQIDq9MrrjoCTIQ7rxYM5IasrG3VBcuhCLTkgeg/JzqmJq1V98RE4MJ5jCxDXXQlOjrditFRw=="],

    "@openai/codex-darwin-arm64": ["@openai/codex@0.146.0-darwin-arm64", "", { "os": "darwin", "cpu": "arm64" }, "sha512-nb61yX4r5L6Z0dlC4o3u0GAK1YCd4TUvjaB382bajDoh84V+uv2hTBIVZ++fgXWV9yoeuNrNnNcn7GoTGOe2Tg=="],

    "@openai/codex-darwin-x64": ["@openai/codex@0.146.0-darwin-x64", "", { "os": "darwin", "cpu": "x64" }, "sha512-hTQR5jy/ObfTf1MDnuJCZJAe+SljKE8DDwQWN6lDFgjsPhMQz852U2tILt8Ei+G5GkQSzemHYKl2AYPwW0Y5xw=="],

    "@openai/codex-linux-arm64": ["@openai/codex@0.146.0-linux-arm64", "", { "os": "linux", "cpu": "arm64" }, "sha512-qiYDxkkEFnXG7joadJW6Q+XcgyDXCpGdpa9nk/c+i0gEomur1j7bHvx12NfWWCF/y8Tqri6ay+FLuC2MjdehtA=="],

    "@openai/codex-linux-x64": ["@openai/codex@0.146.0-linux-x64", "", { "os": "linux", "cpu": "x64" }, "sha512-fswvyGprAPCMiOEue/7MKMk7pCjh9kZIJfJX5i9atmfnmGYbYCcUhZsEH9LEP0+0t5xyPqDbfNXY7NSxIVuXxA=="],

    "@openai/codex-sdk": ["@openai/codex-sdk@0.146.0", "", { "dependencies": { "@openai/codex": "0.146.0" } }, "sha512-lhlcfmufd4EvjquERH3HNG0/fuxPQJBjFsAjtP2LJjAsuyMZk245ci8xfvT4QoZ7Vnbe15y7rj/NtMNcUJIJOg=="],

    "@openai/codex-win32-arm64": ["@openai/codex@0.146.0-win32-arm64", "", { "os": "win32", "cpu": "arm64" }, "sha512-EW6zdjDe+SLX2Iw+xymJ5+Pz2+DGexdstfFHXh4Ub+TfJsQPiMjGfZfNaoWgdJ2FsqSIzVKu2+G0KCMGYz2W8g=="],

    "@openai/codex-win32-x64": ["@openai/codex@0.146.0-win32-x64", "", { "os": "win32", "cpu": "x64" }, "sha512-b3lxMYeR0+IhstNo4JjX1P9cPc1xwVcCVkPd1lD1wpWPJ0SBhpIkPczwbu3ZRkJcdyl342+rgyf4DUrbZLdrGA=="],

    "@slack/types": ["@slack/types@2.22.0", "", {}, "sha512-sZ9lIgJhPX2qft/tKWiklFlc0o1FWeI7QtciZJfW1+ErH1eGGHvOZ8e73sleTCFEFJp1q/R0WeS8Oa7AsiDprg=="],

    "@t3-oss/env-core": ["@t3-oss/env-core@0.13.11", "", { "peerDependencies": { "arktype": "^2.1.0", "typescript": ">=5.0.0", "valibot": "^1.0.0-beta.7 || ^1.0.0", "zod": "^3.24.0 || ^4.0.0" }, "optionalPeers": ["arktype", "typescript", "valibot", "zod"] }, "sha512-sM7GYY+KL7H/Hl0BE0inWfk3nRHZOLhmVn7sHGxaZt9FAR6KqREXAE+6TqKfiavfXmpRxO/OZ2QgKRd+oiBYRQ=="],

    "@types/bun": ["@types/bun@1.3.14", "", { "dependencies": { "bun-types": "1.3.14" } }, "sha512-h1hFqFVcvAvD9j9K7ZW7vd82aSA+rTdznZa+5bwvCwqSB1jmmfLcbIWhOLx1/+boy/xmjgCs/OMUL8hRJSmnPw=="],

    "@types/node": ["@types/node@26.1.2", "", { "dependencies": { "undici-types": "~8.3.0" } }, "sha512-Vu4a5UFA9rIIFJ7rB/Vaafh9lrCQszopTCx6KjFboXTGQbPNasehVR5TEiithSDGyd1DEiUByggTZsg8jukeIg=="],

    "bun-types": ["bun-types@1.3.14", "", { "dependencies": { "@types/node": "*" } }, "sha512-4N0ig0fEomHt5R0KCFWjovxow98rIoRwKolrYdCcknNwMekCXRnWEUvgu5soYV8QXtVsrUD8B95MBOZGPvr6KQ=="],

    "slack-undoc-client": ["slack-undoc-client@1.1.1", "", {}, "sha512-D7+CKoiVjlimxGCzgAvpev42pe0X1Fepes2ZP3tCU6bLCpp7vG/PHRN3wuxTG/SF+z2WcXlZZxv00/FIaObTfQ=="],

    "slack.ts": ["slack.ts@0.0.22", "", { "dependencies": { "@slack/types": "^2.20.1", "slack-undoc-client": "1.1.1", "ws": "^8.20.0" } }, "sha512-eZW3l7A99hmJH96s1bg8b6Ga11On3iyOEvB16UPS366qm45nimgoRBei5F/rm9X9tm0hPrz+M5Z8ICXmA1T/IQ=="],

    "typescript": ["typescript@5.9.3", "", { "bin": { "tsc": "bin/tsc", "tsserver": "bin/tsserver" } }, "sha512-jl1vZzPDinLr9eUt3J/t7V6FgNEw9QjvBPdysz9KfQDD41fQrC2Y4vKQdiaUpFT4bXlb1RHhLpp8wtm6M5TgSw=="],

    "undici-types": ["undici-types@8.3.0", "", {}, "sha512-j375ScV60dom+YkPFIfTLcOiPxkN/buHz5GobjLhixFuANaNs3C9l4GmrWqejgXWJ7BbJcFYpTEUkS1Ge8bpZQ=="],

    "ws": ["ws@8.21.2", "", { "peerDependencies": { "bufferutil": "^4.0.1", "utf-8-validate": ">=5.0.2" }, "optionalPeers": ["bufferutil", "utf-8-validate"] }, "sha512-54dMVAo4WIe6SKy3vBgN+9bJZqqQ8IMRevAkOLQALhi49qkkQDQfWdAZ8KQlXiEabw88ARXXdUrlvtbKQX+aKw=="],

    "zod": ["zod@4.4.3", "", {}, "sha512-ytENFjIJFl2UwYglde2jchW2Hwm4GJFLDiSXWdTrJQBIN9Fcyp7n4DhxJEiWNAJMV1/BqWfW/kkg71UDcHJyTQ=="],
  }
}
